
Microsoft Visual Studio Solution File, Format Version 12.00
# Visual Studio 2012
Project("{FAE04EC0-301F-11D3-BF4B-00C04F79EFBC}") = "TypedFactory", "TypedFactory\TypedFactory.csproj", "{4A307AE1-D631-40C5-AD94-4C6BE7BE36A9}"
EndProject
Project("{FAE04EC0-301F-11D3-BF4B-00C04F79EFBC}") = "TypedFactory.Tests", "TypedFactory.Tests\TypedFactory.Tests.csproj", "{C7B7A805-DFC2-41F7-BAB9-68ED058B2979}"
EndProject
Global
	GlobalSection(SolutionConfigurationPlatforms) = preSolution
		Debug|Any CPU = Debug|Any CPU
		Release|Any CPU = Release|Any CPU
	EndGlobalSection
	GlobalSection(ProjectConfigurationPlatforms) = postSolution
		{4A307AE1-D631-40C5-AD94-4C6BE7BE36A9}.Debug|Any CPU.ActiveCfg = Debug|Any CPU
		{4A307AE1-D631-40C5-AD94-4C6BE7BE36A9}.Debug|Any CPU.Build.0 = Debug|Any CPU
		{4A307AE1-D631-40C5-AD94-4C6BE7BE36A9}.Release|Any CPU.ActiveCfg = Release|Any CPU
		{4A307AE1-D631-40C5-AD94-4C6BE7BE36A9}.Release|Any CPU.Build.0 = Release|Any CPU
		{C7B7A805-DFC2-41F7-BAB9-68ED058B2979}.Debug|Any CPU.ActiveCfg = Debug|Any CPU
		{C7B7A805-DFC2-41F7-BAB9-68ED058B2979}.Debug|Any CPU.Build.0 = Debug|Any CPU
		{C7B7A805-DFC2-41F7-BAB9-68ED058B2979}.Release|Any CPU.ActiveCfg = Release|Any CPU
		{C7B7A805-DFC2-41F7-BAB9-68ED058B2979}.Release|Any CPU.Build.0 = Release|Any CPU
	EndGlobalSection
	GlobalSection(SolutionProperties) = preSolution
		HideSolutionNode = FALSE
	EndGlobalSection
EndGlobal
